
Microsoft Visual Studio Solution File, Format Version 12.00
# Visual Studio 15
VisualStudioVersion = 15.0.28010.2003
MinimumVisualStudioVersion = 10.0.40219.1
Project("{FAE04EC0-301F-11D3-BF4B-00C04F79EFBC}") = "exercicio01", "exercicio01\exercicio01.csproj", "{4BDE9798-A436-40B6-A333-DE82C23CBBFB}"
EndProject
Global
	GlobalSection(SolutionConfigurationPlatforms) = preSolution
		Debug|Any CPU = Debug|Any CPU
		Release|Any CPU = Release|Any CPU
	EndGlobalSection
	GlobalSection(ProjectConfigurationPlatforms) = postSolution
		{4BDE9798-A436-40B6-A333-DE82C23CBBFB}.Debug|Any CPU.ActiveCfg = Debug|Any CPU
		{4BDE9798-A436-40B6-A333-DE82C23CBBFB}.Debug|Any CPU.Build.0 = Debug|Any CPU
		{4BDE9798-A436-40B6-A333-DE82C23CBBFB}.Release|Any CPU.ActiveCfg = Release|Any CPU
		{4BDE9798-A436-40B6-A333-DE82C23CBBFB}.Release|Any CPU.Build.0 = Release|Any CPU
	EndGlobalSection
	GlobalSection(SolutionProperties) = preSolution
		HideSolutionNode = FALSE
	EndGlobalSection
	GlobalSection(ExtensibilityGlobals) = postSolution
		SolutionGuid = {5D919FD5-9F5A-4723-AE20-6FDFEB7708FD}
	EndGlobalSection
EndGlobal
