
Microsoft Visual Studio Solution File, Format Version 12.00
# Visual Studio 15
VisualStudioVersion = 15.0.28010.2003
MinimumVisualStudioVersion = 10.0.40219.1
Project("{FAE04EC0-301F-11D3-BF4B-00C04F79EFBC}") = "exercicio01", "exercicio01\exercicio01.csproj", "{5BADE134-EB8D-4E3D-995F-F4BE7DC05E63}"
EndProject
Global
	GlobalSection(SolutionConfigurationPlatforms) = preSolution
		Debug|Any CPU = Debug|Any CPU
		Release|Any CPU = Release|Any CPU
	EndGlobalSection
	GlobalSection(ProjectConfigurationPlatforms) = postSolution
		{5BADE134-EB8D-4E3D-995F-F4BE7DC05E63}.Debug|Any CPU.ActiveCfg = Debug|Any CPU
		{5BADE134-EB8D-4E3D-995F-F4BE7DC05E63}.Debug|Any CPU.Build.0 = Debug|Any CPU
		{5BADE134-EB8D-4E3D-995F-F4BE7DC05E63}.Release|Any CPU.ActiveCfg = Release|Any CPU
		{5BADE134-EB8D-4E3D-995F-F4BE7DC05E63}.Release|Any CPU.Build.0 = Release|Any CPU
	EndGlobalSection
	GlobalSection(SolutionProperties) = preSolution
		HideSolutionNode = FALSE
	EndGlobalSection
	GlobalSection(ExtensibilityGlobals) = postSolution
		SolutionGuid = {8332B2AE-1416-47BB-824A-63526BDD7A8B}
	EndGlobalSection
EndGlobal
