
Microsoft Visual Studio Solution File, Format Version 12.00
# Visual Studio 15
VisualStudioVersion = 15.0.28010.2003
MinimumVisualStudioVersion = 10.0.40219.1
Project("{FAE04EC0-301F-11D3-BF4B-00C04F79EFBC}") = "exercicio03", "exercicio03\exercicio03.csproj", "{582BEB5A-FF35-470B-9B0A-50FF7E1E514F}"
EndProject
Global
	GlobalSection(SolutionConfigurationPlatforms) = preSolution
		Debug|Any CPU = Debug|Any CPU
		Release|Any CPU = Release|Any CPU
	EndGlobalSection
	GlobalSection(ProjectConfigurationPlatforms) = postSolution
		{582BEB5A-FF35-470B-9B0A-50FF7E1E514F}.Debug|Any CPU.ActiveCfg = Debug|Any CPU
		{582BEB5A-FF35-470B-9B0A-50FF7E1E514F}.Debug|Any CPU.Build.0 = Debug|Any CPU
		{582BEB5A-FF35-470B-9B0A-50FF7E1E514F}.Release|Any CPU.ActiveCfg = Release|Any CPU
		{582BEB5A-FF35-470B-9B0A-50FF7E1E514F}.Release|Any CPU.Build.0 = Release|Any CPU
	EndGlobalSection
	GlobalSection(SolutionProperties) = preSolution
		HideSolutionNode = FALSE
	EndGlobalSection
	GlobalSection(ExtensibilityGlobals) = postSolution
		SolutionGuid = {FD228D9C-BE4B-4D9B-AC5B-C1EEC070D3E3}
	EndGlobalSection
EndGlobal
