
Microsoft Visual Studio Solution File, Format Version 12.00
# Visual Studio 15
VisualStudioVersion = 15.0.28010.2003
MinimumVisualStudioVersion = 10.0.40219.1
Project("{FAE04EC0-301F-11D3-BF4B-00C04F79EFBC}") = "exercicio02", "exercicio02\exercicio02.csproj", "{C14EB2E5-C697-426D-B9EE-E7B52FE0F1F0}"
EndProject
Global
	GlobalSection(SolutionConfigurationPlatforms) = preSolution
		Debug|Any CPU = Debug|Any CPU
		Release|Any CPU = Release|Any CPU
	EndGlobalSection
	GlobalSection(ProjectConfigurationPlatforms) = postSolution
		{C14EB2E5-C697-426D-B9EE-E7B52FE0F1F0}.Debug|Any CPU.ActiveCfg = Debug|Any CPU
		{C14EB2E5-C697-426D-B9EE-E7B52FE0F1F0}.Debug|Any CPU.Build.0 = Debug|Any CPU
		{C14EB2E5-C697-426D-B9EE-E7B52FE0F1F0}.Release|Any CPU.ActiveCfg = Release|Any CPU
		{C14EB2E5-C697-426D-B9EE-E7B52FE0F1F0}.Release|Any CPU.Build.0 = Release|Any CPU
	EndGlobalSection
	GlobalSection(SolutionProperties) = preSolution
		HideSolutionNode = FALSE
	EndGlobalSection
	GlobalSection(ExtensibilityGlobals) = postSolution
		SolutionGuid = {4DA1C2A3-AEE2-4331-9150-30274E8882F8}
	EndGlobalSection
EndGlobal
