
Microsoft Visual Studio Solution File, Format Version 12.00
# Visual Studio 15
VisualStudioVersion = 15.0.28010.2003
MinimumVisualStudioVersion = 10.0.40219.1
Project("{FAE04EC0-301F-11D3-BF4B-00C04F79EFBC}") = "exercicio07", "exercicio07\exercicio07.csproj", "{4ECF45B5-8FFF-4EF6-9A13-C5FBD8BDEAAC}"
EndProject
Global
	GlobalSection(SolutionConfigurationPlatforms) = preSolution
		Debug|Any CPU = Debug|Any CPU
		Release|Any CPU = Release|Any CPU
	EndGlobalSection
	GlobalSection(ProjectConfigurationPlatforms) = postSolution
		{4ECF45B5-8FFF-4EF6-9A13-C5FBD8BDEAAC}.Debug|Any CPU.ActiveCfg = Debug|Any CPU
		{4ECF45B5-8FFF-4EF6-9A13-C5FBD8BDEAAC}.Debug|Any CPU.Build.0 = Debug|Any CPU
		{4ECF45B5-8FFF-4EF6-9A13-C5FBD8BDEAAC}.Release|Any CPU.ActiveCfg = Release|Any CPU
		{4ECF45B5-8FFF-4EF6-9A13-C5FBD8BDEAAC}.Release|Any CPU.Build.0 = Release|Any CPU
	EndGlobalSection
	GlobalSection(SolutionProperties) = preSolution
		HideSolutionNode = FALSE
	EndGlobalSection
	GlobalSection(ExtensibilityGlobals) = postSolution
		SolutionGuid = {CDE694FC-E3F2-4767-83A0-6DF5BB2EE2D5}
	EndGlobalSection
EndGlobal
