
Microsoft Visual Studio Solution File, Format Version 12.00
# Visual Studio 15
VisualStudioVersion = 15.0.28010.2003
MinimumVisualStudioVersion = 10.0.40219.1
Project("{FAE04EC0-301F-11D3-BF4B-00C04F79EFBC}") = "aulaArrayLoops4", "aulaArrayLoops4\aulaArrayLoops4.csproj", "{1504949E-75D1-4EF4-9A01-9E4EEFA9387F}"
EndProject
Global
	GlobalSection(SolutionConfigurationPlatforms) = preSolution
		Debug|Any CPU = Debug|Any CPU
		Release|Any CPU = Release|Any CPU
	EndGlobalSection
	GlobalSection(ProjectConfigurationPlatforms) = postSolution
		{1504949E-75D1-4EF4-9A01-9E4EEFA9387F}.Debug|Any CPU.ActiveCfg = Debug|Any CPU
		{1504949E-75D1-4EF4-9A01-9E4EEFA9387F}.Debug|Any CPU.Build.0 = Debug|Any CPU
		{1504949E-75D1-4EF4-9A01-9E4EEFA9387F}.Release|Any CPU.ActiveCfg = Release|Any CPU
		{1504949E-75D1-4EF4-9A01-9E4EEFA9387F}.Release|Any CPU.Build.0 = Release|Any CPU
	EndGlobalSection
	GlobalSection(SolutionProperties) = preSolution
		HideSolutionNode = FALSE
	EndGlobalSection
	GlobalSection(ExtensibilityGlobals) = postSolution
		SolutionGuid = {382A795C-2A0E-47E4-9F06-3C0F95286D8E}
	EndGlobalSection
EndGlobal
