
Microsoft Visual Studio Solution File, Format Version 12.00
# Visual Studio 15
VisualStudioVersion = 15.0.28010.2003
MinimumVisualStudioVersion = 10.0.40219.1
Project("{FAE04EC0-301F-11D3-BF4B-00C04F79EFBC}") = "aula01exercice", "aula01exercice\aula01exercice.csproj", "{45006D85-229B-4A22-B8B0-A5773581B96D}"
EndProject
Global
	GlobalSection(SolutionConfigurationPlatforms) = preSolution
		Debug|Any CPU = Debug|Any CPU
		Release|Any CPU = Release|Any CPU
	EndGlobalSection
	GlobalSection(ProjectConfigurationPlatforms) = postSolution
		{45006D85-229B-4A22-B8B0-A5773581B96D}.Debug|Any CPU.ActiveCfg = Debug|Any CPU
		{45006D85-229B-4A22-B8B0-A5773581B96D}.Debug|Any CPU.Build.0 = Debug|Any CPU
		{45006D85-229B-4A22-B8B0-A5773581B96D}.Release|Any CPU.ActiveCfg = Release|Any CPU
		{45006D85-229B-4A22-B8B0-A5773581B96D}.Release|Any CPU.Build.0 = Release|Any CPU
	EndGlobalSection
	GlobalSection(SolutionProperties) = preSolution
		HideSolutionNode = FALSE
	EndGlobalSection
	GlobalSection(ExtensibilityGlobals) = postSolution
		SolutionGuid = {314A9C95-271E-4403-B898-F5C993CB0A79}
	EndGlobalSection
EndGlobal
