
Microsoft Visual Studio Solution File, Format Version 12.00
# Visual Studio 15
VisualStudioVersion = 15.0.28010.2003
MinimumVisualStudioVersion = 10.0.40219.1
Project("{FAE04EC0-301F-11D3-BF4B-00C04F79EFBC}") = "exercicio01", "exercicio01\exercicio01.csproj", "{996FD090-3252-4814-AD14-4C9C90FEA4B5}"
EndProject
Global
	GlobalSection(SolutionConfigurationPlatforms) = preSolution
		Debug|Any CPU = Debug|Any CPU
		Release|Any CPU = Release|Any CPU
	EndGlobalSection
	GlobalSection(ProjectConfigurationPlatforms) = postSolution
		{996FD090-3252-4814-AD14-4C9C90FEA4B5}.Debug|Any CPU.ActiveCfg = Debug|Any CPU
		{996FD090-3252-4814-AD14-4C9C90FEA4B5}.Debug|Any CPU.Build.0 = Debug|Any CPU
		{996FD090-3252-4814-AD14-4C9C90FEA4B5}.Release|Any CPU.ActiveCfg = Release|Any CPU
		{996FD090-3252-4814-AD14-4C9C90FEA4B5}.Release|Any CPU.Build.0 = Release|Any CPU
	EndGlobalSection
	GlobalSection(SolutionProperties) = preSolution
		HideSolutionNode = FALSE
	EndGlobalSection
	GlobalSection(ExtensibilityGlobals) = postSolution
		SolutionGuid = {4AA029AF-AEA2-4FF1-BA60-7682B38D118B}
	EndGlobalSection
EndGlobal
