
Microsoft Visual Studio Solution File, Format Version 12.00
# Visual Studio 15
VisualStudioVersion = 15.0.28010.2003
MinimumVisualStudioVersion = 10.0.40219.1
Project("{FAE04EC0-301F-11D3-BF4B-00C04F79EFBC}") = "exercicio05", "exercicio05\exercicio05.csproj", "{70917CA6-5E3A-48B8-9DBF-792444B6BB94}"
EndProject
Global
	GlobalSection(SolutionConfigurationPlatforms) = preSolution
		Debug|Any CPU = Debug|Any CPU
		Release|Any CPU = Release|Any CPU
	EndGlobalSection
	GlobalSection(ProjectConfigurationPlatforms) = postSolution
		{70917CA6-5E3A-48B8-9DBF-792444B6BB94}.Debug|Any CPU.ActiveCfg = Debug|Any CPU
		{70917CA6-5E3A-48B8-9DBF-792444B6BB94}.Debug|Any CPU.Build.0 = Debug|Any CPU
		{70917CA6-5E3A-48B8-9DBF-792444B6BB94}.Release|Any CPU.ActiveCfg = Release|Any CPU
		{70917CA6-5E3A-48B8-9DBF-792444B6BB94}.Release|Any CPU.Build.0 = Release|Any CPU
	EndGlobalSection
	GlobalSection(SolutionProperties) = preSolution
		HideSolutionNode = FALSE
	EndGlobalSection
	GlobalSection(ExtensibilityGlobals) = postSolution
		SolutionGuid = {3866FB18-341E-4840-89EB-4C56618C9351}
	EndGlobalSection
EndGlobal
